
Microsoft Visual Studio Solution File, Format Version 12.00
# Visual Studio Version 17
VisualStudioVersion = 17.5.33424.131
MinimumVisualStudioVersion = 10.0.40219.1
Project("{FAE04EC0-301F-11D3-BF4B-00C04F79EFBC}") = "XeroTest", "XeroTest\XeroTest.csproj", "{C461530A-5E88-44BD-A063-DC4E7DAD5EF7}"
EndProject
Global
	GlobalSection(SolutionConfigurationPlatforms) = preSolution
		Debug|Any CPU = Debug|Any CPU
		Release|Any CPU = Release|Any CPU
	EndGlobalSection
	GlobalSection(ProjectConfigurationPlatforms) = postSolution
		{C461530A-5E88-44BD-A063-DC4E7DAD5EF7}.Debug|Any CPU.ActiveCfg = Debug|Any CPU
		{C461530A-5E88-44BD-A063-DC4E7DAD5EF7}.Debug|Any CPU.Build.0 = Debug|Any CPU
		{C461530A-5E88-44BD-A063-DC4E7DAD5EF7}.Release|Any CPU.ActiveCfg = Release|Any CPU
		{C461530A-5E88-44BD-A063-DC4E7DAD5EF7}.Release|Any CPU.Build.0 = Release|Any CPU
	EndGlobalSection
	GlobalSection(SolutionProperties) = preSolution
		HideSolutionNode = FALSE
	EndGlobalSection
	GlobalSection(ExtensibilityGlobals) = postSolution
		SolutionGuid = {59C1A217-95B0-45CF-9246-262ECDF33DAF}
	EndGlobalSection
EndGlobal
